
Microsoft Visual Studio Solution File, Format Version 12.00
# Visual Studio 15
VisualStudioVersion = 15.0.28307.645
MinimumVisualStudioVersion = 10.0.40219.1
Project("{FAE04EC0-301F-11D3-BF4B-00C04F79EFBC}") = "Untitled", "Untitled\Untitled.csproj", "{2C28A501-7FC8-4A1E-80A7-AA1EDBE858C9}"
EndProject
Project("{FAE04EC0-301F-11D3-BF4B-00C04F79EFBC}") = "Model", "Model\Model.csproj", "{125C3186-2F09-4524-9262-32562D78C964}"
EndProject
Global
	GlobalSection(SolutionConfigurationPlatforms) = preSolution
		Debug|Any CPU = Debug|Any CPU
		Release|Any CPU = Release|Any CPU
	EndGlobalSection
	GlobalSection(ProjectConfigurationPlatforms) = postSolution
		{2C28A501-7FC8-4A1E-80A7-AA1EDBE858C9}.Debug|Any CPU.ActiveCfg = Debug|Any CPU
		{2C28A501-7FC8-4A1E-80A7-AA1EDBE858C9}.Debug|Any CPU.Build.0 = Debug|Any CPU
		{2C28A501-7FC8-4A1E-80A7-AA1EDBE858C9}.Release|Any CPU.ActiveCfg = Release|Any CPU
		{2C28A501-7FC8-4A1E-80A7-AA1EDBE858C9}.Release|Any CPU.Build.0 = Release|Any CPU
		{125C3186-2F09-4524-9262-32562D78C964}.Debug|Any CPU.ActiveCfg = Debug|Any CPU
		{125C3186-2F09-4524-9262-32562D78C964}.Debug|Any CPU.Build.0 = Debug|Any CPU
		{125C3186-2F09-4524-9262-32562D78C964}.Release|Any CPU.ActiveCfg = Release|Any CPU
		{125C3186-2F09-4524-9262-32562D78C964}.Release|Any CPU.Build.0 = Release|Any CPU
	EndGlobalSection
	GlobalSection(SolutionProperties) = preSolution
		HideSolutionNode = FALSE
	EndGlobalSection
	GlobalSection(ExtensibilityGlobals) = postSolution
		SolutionGuid = {CF901ADF-C826-4DB5-A7E7-CF586ECD1333}
	EndGlobalSection
EndGlobal
